<?xml version="1.0" encoding="utf-8"?>
<Project ToolsVersion="4.0" xmlns="http://schemas.microsoft.com/developer/msbuild/2003">
  <ItemGroup>
    <ClInclude Include="common\app_common_headers.h" />
    <ClInclude Include="common\app_primitive_types.h" />
    <ClInclude Include="common\app_id.h" />
    <ClInclude Include="game_systems\gs_common.h" />
    <ClInclude Include="game_systems\gs_entity.h" />
    <ClInclude Include="game_systems\gs_transform.h" />
    <ClInclude Include="engine_api\api_game_entity.h" />
    <ClInclude Include="engine_api\api_transform_component.h" />
    <ClInclude Include="math\m_vector3.h" />
    <ClInclude Include="math\m_vector2.h" />
    <ClInclude Include="math\m_vector4.h" />
    <ClInclude Include="math\m_consts.h" />
    <ClInclude Include="math\m_matr3.h" />
    <ClInclude Include="math\m_matr4.h" />
    <ClInclude Include="data_structures\ds_vector.h" />
    <ClInclude Include="data_structures\ds_deque.h" />
    <ClInclude Include="engine_api\api_script_component.h" />
    <ClInclude Include="game_systems\gs_script.h" />
    <ClInclude Include="resources\res_content_loader.h" />
  </ItemGroup>
  <ItemGroup>
    <ClCompile Include="game_systems\gs_entity.cpp" />
    <ClCompile Include="game_systems\gs_transform.cpp" />
    <ClCompile Include="game_systems\gs_script.cpp" />
    <ClCompile Include="core\core_main.cpp" />
    <ClCompile Include="core\core_engine.cpp" />
    <ClCompile Include="resources\res_content_loader.cpp" />
  </ItemGroup>
</Project>