<?xml version="1.0" encoding="utf-8"?>
<Project ToolsVersion="4.0" xmlns="http://schemas.microsoft.com/developer/msbuild/2003">
  <ItemGroup>
    <ClInclude Include="common\common_headers.h" />
    <ClInclude Include="common\primitive_types.h" />
    <ClInclude Include="common\id.h" />
    <ClInclude Include="components\components_common.h" />
    <ClInclude Include="components\entity.h" />
    <ClInclude Include="components\transform.h" />
    <ClInclude Include="utilities\utilities.h" />
    <ClInclude Include="engine_api\game_entity.h" />
    <ClInclude Include="engine_api\transform_component.h" />
    <ClInclude Include="utilities\math_types.h" />
  </ItemGroup>
  <ItemGroup>
    <ClCompile Include="components\entity.cpp" />
    <ClCompile Include="components\Transform.cpp" />
  </ItemGroup>
</Project>